
Microsoft Visual Studio Solution File, Format Version 12.00
# Visual Studio Version 16
VisualStudioVersion = 16.0.29306.81
MinimumVisualStudioVersion = 10.0.40219.1
Project("{FAE04EC0-301F-11D3-BF4B-00C04F79EFBC}") = "AINIWorkshop3Sample", "AINIWorkshop3Sample\AINIWorkshop3Sample.csproj", "{14E99BA5-1D82-44AB-BE6E-7C86FB69C047}"
EndProject
Global
	GlobalSection(SolutionConfigurationPlatforms) = preSolution
		Debug|Any CPU = Debug|Any CPU
		Release|Any CPU = Release|Any CPU
	EndGlobalSection
	GlobalSection(ProjectConfigurationPlatforms) = postSolution
		{14E99BA5-1D82-44AB-BE6E-7C86FB69C047}.Debug|Any CPU.ActiveCfg = Debug|Any CPU
		{14E99BA5-1D82-44AB-BE6E-7C86FB69C047}.Debug|Any CPU.Build.0 = Debug|Any CPU
		{14E99BA5-1D82-44AB-BE6E-7C86FB69C047}.Release|Any CPU.ActiveCfg = Release|Any CPU
		{14E99BA5-1D82-44AB-BE6E-7C86FB69C047}.Release|Any CPU.Build.0 = Release|Any CPU
	EndGlobalSection
	GlobalSection(SolutionProperties) = preSolution
		HideSolutionNode = FALSE
	EndGlobalSection
	GlobalSection(ExtensibilityGlobals) = postSolution
		SolutionGuid = {7F48B121-270A-49ED-BEFB-31FD573B820A}
	EndGlobalSection
EndGlobal
